
Microsoft Visual Studio Solution File, Format Version 12.00
# Visual Studio 14
VisualStudioVersion = 14.0.25420.1
MinimumVisualStudioVersion = 10.0.40219.1
Project("{8BC9CEB8-8B4A-11D0-8D11-00A0C91BC942}") = "hook", "hook\hook.vcxproj", "{1C06EC52-16F9-434F-8386-5578C4F02EC5}"
EndProject
Project("{8BC9CEB8-8B4A-11D0-8D11-00A0C91BC942}") = "loader", "loader\loader.vcxproj", "{A21EA5EB-03C5-4AED-AFE1-B2F6BC7D33B4}"
EndProject
Project("{8BC9CEB8-8B4A-11D0-8D11-00A0C91BC942}") = "detect", "detect\detect.vcxproj", "{50FE67CF-678C-45AB-8A93-B34C856DBAC9}"
EndProject
Global
	GlobalSection(SolutionConfigurationPlatforms) = preSolution
		Debug|Win32 = Debug|Win32
		Release|Win32 = Release|Win32
	EndGlobalSection
	GlobalSection(ProjectConfigurationPlatforms) = postSolution
		{1C06EC52-16F9-434F-8386-5578C4F02EC5}.Debug|Win32.ActiveCfg = Debug|Win32
		{1C06EC52-16F9-434F-8386-5578C4F02EC5}.Debug|Win32.Build.0 = Debug|Win32
		{1C06EC52-16F9-434F-8386-5578C4F02EC5}.Release|Win32.ActiveCfg = Release|Win32
		{1C06EC52-16F9-434F-8386-5578C4F02EC5}.Release|Win32.Build.0 = Release|Win32
		{A21EA5EB-03C5-4AED-AFE1-B2F6BC7D33B4}.Debug|Win32.ActiveCfg = Debug|Win32
		{A21EA5EB-03C5-4AED-AFE1-B2F6BC7D33B4}.Debug|Win32.Build.0 = Debug|Win32
		{A21EA5EB-03C5-4AED-AFE1-B2F6BC7D33B4}.Release|Win32.ActiveCfg = Release|Win32
		{A21EA5EB-03C5-4AED-AFE1-B2F6BC7D33B4}.Release|Win32.Build.0 = Release|Win32
		{50FE67CF-678C-45AB-8A93-B34C856DBAC9}.Debug|Win32.ActiveCfg = Debug|Win32
		{50FE67CF-678C-45AB-8A93-B34C856DBAC9}.Debug|Win32.Build.0 = Debug|Win32
		{50FE67CF-678C-45AB-8A93-B34C856DBAC9}.Release|Win32.ActiveCfg = Release|Win32
		{50FE67CF-678C-45AB-8A93-B34C856DBAC9}.Release|Win32.Build.0 = Release|Win32
	EndGlobalSection
	GlobalSection(SolutionProperties) = preSolution
		HideSolutionNode = FALSE
	EndGlobalSection
EndGlobal
